
Microsoft Visual Studio Solution File, Format Version 12.00
# Visual Studio Version 17
VisualStudioVersion = 17.6.33717.318
MinimumVisualStudioVersion = 10.0.40219.1
Project("{2150E333-8FDC-42A3-9474-1A3956D46DE8}") = "Элементы решения", "Элементы решения", "{9E030538-3E66-454B-A4DC-208F9163A7C5}"
	ProjectSection(SolutionItems) = preProject
		.gitignore = .gitignore
		README.md = README.md
		docker-compose.yml = docker-compose.yml
	EndProjectSection
EndProject
Project("{9A19103F-16F7-4668-BE54-9A1E7A4F7556}") = "AirQuality.SensorService", "AirQuality.SensorService\AirQuality.SensorService.csproj", "{15A1899B-64AC-4307-924B-30D4F62D17AD}"
EndProject
Project("{9A19103F-16F7-4668-BE54-9A1E7A4F7556}") = "AirQuality.Core", "AirQuality.Core\AirQuality.Core.csproj", "{057942E4-23AD-4FA9-8F1A-00D09CB577C7}"
EndProject
Project("{9A19103F-16F7-4668-BE54-9A1E7A4F7556}") = "AirQuality.WebService", "AirQuality.WebService\AirQuality.WebService.csproj", "{A8EE4A06-894E-4AAF-876F-69D9407C7384}"
EndProject
Project("{FAE04EC0-301F-11D3-BF4B-00C04F79EFBC}") = "AirQuality.WebService.Tests", "AirQuality.WebService.Tests\AirQuality.WebService.Tests.csproj", "{06259432-EFF1-47A8-9CB5-0D27953BDEE6}"
EndProject
Project("{FAE04EC0-301F-11D3-BF4B-00C04F79EFBC}") = "AirQuality.SensorService.Tests", "AirQuality.SensorService.Tests\AirQuality.SensorService.Tests.csproj", "{1A658DFB-6C99-4769-8DB3-5E83B21E44CC}"
EndProject
Global
	GlobalSection(SolutionConfigurationPlatforms) = preSolution
		Debug|Any CPU = Debug|Any CPU
		Release|Any CPU = Release|Any CPU
	EndGlobalSection
	GlobalSection(ProjectConfigurationPlatforms) = postSolution
		{15A1899B-64AC-4307-924B-30D4F62D17AD}.Debug|Any CPU.ActiveCfg = Debug|Any CPU
		{15A1899B-64AC-4307-924B-30D4F62D17AD}.Debug|Any CPU.Build.0 = Debug|Any CPU
		{15A1899B-64AC-4307-924B-30D4F62D17AD}.Release|Any CPU.ActiveCfg = Release|Any CPU
		{15A1899B-64AC-4307-924B-30D4F62D17AD}.Release|Any CPU.Build.0 = Release|Any CPU
		{057942E4-23AD-4FA9-8F1A-00D09CB577C7}.Debug|Any CPU.ActiveCfg = Debug|Any CPU
		{057942E4-23AD-4FA9-8F1A-00D09CB577C7}.Debug|Any CPU.Build.0 = Debug|Any CPU
		{057942E4-23AD-4FA9-8F1A-00D09CB577C7}.Release|Any CPU.ActiveCfg = Release|Any CPU
		{057942E4-23AD-4FA9-8F1A-00D09CB577C7}.Release|Any CPU.Build.0 = Release|Any CPU
		{A8EE4A06-894E-4AAF-876F-69D9407C7384}.Debug|Any CPU.ActiveCfg = Debug|Any CPU
		{A8EE4A06-894E-4AAF-876F-69D9407C7384}.Debug|Any CPU.Build.0 = Debug|Any CPU
		{A8EE4A06-894E-4AAF-876F-69D9407C7384}.Release|Any CPU.ActiveCfg = Release|Any CPU
		{A8EE4A06-894E-4AAF-876F-69D9407C7384}.Release|Any CPU.Build.0 = Release|Any CPU
		{06259432-EFF1-47A8-9CB5-0D27953BDEE6}.Debug|Any CPU.ActiveCfg = Debug|Any CPU
		{06259432-EFF1-47A8-9CB5-0D27953BDEE6}.Debug|Any CPU.Build.0 = Debug|Any CPU
		{06259432-EFF1-47A8-9CB5-0D27953BDEE6}.Release|Any CPU.ActiveCfg = Release|Any CPU
		{06259432-EFF1-47A8-9CB5-0D27953BDEE6}.Release|Any CPU.Build.0 = Release|Any CPU
		{1A658DFB-6C99-4769-8DB3-5E83B21E44CC}.Debug|Any CPU.ActiveCfg = Debug|Any CPU
		{1A658DFB-6C99-4769-8DB3-5E83B21E44CC}.Debug|Any CPU.Build.0 = Debug|Any CPU
		{1A658DFB-6C99-4769-8DB3-5E83B21E44CC}.Release|Any CPU.ActiveCfg = Release|Any CPU
		{1A658DFB-6C99-4769-8DB3-5E83B21E44CC}.Release|Any CPU.Build.0 = Release|Any CPU
	EndGlobalSection
	GlobalSection(SolutionProperties) = preSolution
		HideSolutionNode = FALSE
	EndGlobalSection
	GlobalSection(ExtensibilityGlobals) = postSolution
		SolutionGuid = {C504B931-C84B-4877-A692-C92C498DC588}
	EndGlobalSection
EndGlobal
